
Microsoft Visual Studio Solution File, Format Version 12.00
# Visual Studio 15
VisualStudioVersion = 15.0.28307.489
MinimumVisualStudioVersion = 10.0.40219.1
Project("{FAE04EC0-301F-11D3-BF4B-00C04F79EFBC}") = "BasicDotNetCoreApp", "BasicDotNetCoreApp\BasicDotNetCoreApp.csproj", "{010CBB62-77A9-4A79-B936-C0518A4E2C99}"
EndProject
Global
	GlobalSection(SolutionConfigurationPlatforms) = preSolution
		Debug|Any CPU = Debug|Any CPU
		Release|Any CPU = Release|Any CPU
	EndGlobalSection
	GlobalSection(ProjectConfigurationPlatforms) = postSolution
		{010CBB62-77A9-4A79-B936-C0518A4E2C99}.Debug|Any CPU.ActiveCfg = Debug|Any CPU
		{010CBB62-77A9-4A79-B936-C0518A4E2C99}.Debug|Any CPU.Build.0 = Debug|Any CPU
		{010CBB62-77A9-4A79-B936-C0518A4E2C99}.Release|Any CPU.ActiveCfg = Release|Any CPU
		{010CBB62-77A9-4A79-B936-C0518A4E2C99}.Release|Any CPU.Build.0 = Release|Any CPU
	EndGlobalSection
	GlobalSection(SolutionProperties) = preSolution
		HideSolutionNode = FALSE
	EndGlobalSection
	GlobalSection(ExtensibilityGlobals) = postSolution
		SolutionGuid = {0900B62B-6B3D-43EC-BD17-F3F23D34290C}
	EndGlobalSection
EndGlobal
